{
  "version": 4,
  "terraform_version": "1.9.1",
  "serial": 9,
  "lineage": "f6ff3f16-32f7-20b1-ad54-2a096e8b04fe",
  "outputs": {},
  "resources": [
    {
      "mode": "managed",
      "type": "local_file",
      "name": "clientes",
      "provider": "provider[\"registry.terraform.io/hashicorp/local\"]",
      "instances": [
        {
          "schema_version": 0,
          "attributes": {
            "content": "Lista de clientes en el mes... ",
            "content_base64": null,
            "content_base64sha256": "NFTT8igmkHuUeSE1wGoY8z4dZYLAm/ZEK6z5oBdt/jk=",
            "content_base64sha512": "/AnmTxiwjOaLEYw5Kr0KA4neV7JmcXjFdMBtevwWcYhBBUrQ4i4jYy4dHfVA0f2PrJODfvGNQW0Vr4nsM/kW5w==",
            "content_md5": "e0b77ba473b39f54449d0eb4ddad86ec",
            "content_sha1": "e8dcb9edcce00f645502c2752a499c07ed8501dd",
            "content_sha256": "3454d3f22826907b94792135c06a18f33e1d6582c09bf6442bacf9a0176dfe39",
            "content_sha512": "fc09e64f18b08ce68b118c392abd0a0389de57b2667178c574c06d7afc16718841054ad0e22e23632e1d1df540d1fd8fac93837ef18d416d15af89ec33f916e7",
            "directory_permission": "0777",
            "file_permission": "0777",
            "filename": "clientes.txt",
            "id": "e8dcb9edcce00f645502c2752a499c07ed8501dd",
            "sensitive_content": null,
            "source": null
          },
          "sensitive_attributes": [
            [
              {
                "type": "get_attr",
                "value": "sensitive_content"
              }
            ]
          ]
        }
      ]
    },
    {
      "mode": "managed",
      "type": "local_file",
      "name": "productos",
      "provider": "provider[\"registry.terraform.io/hashicorp/local\"]",
      "instances": [
        {
          "schema_version": 0,
          "attributes": {
            "content": "Lista de productos para el mes proximo....!!",
            "content_base64": null,
            "content_base64sha256": "pua1e2X7ix6IJRcy0a8tpuqA5Rg/kp1WS4BV9o2quuw=",
            "content_base64sha512": "DeAPxSKLVifYgKPMcxfiSQjbqVlSTAiW6hjwQobGE2QtrTwj5F5z4x95qKHHBXonZWTTKtiVdaIaBQPhd36w7Q==",
            "content_md5": "b92b05bf31589731607d9e944f92f76f",
            "content_sha1": "dc83f83c765e853c245188febf815e9b6944c669",
            "content_sha256": "a6e6b57b65fb8b1e88251732d1af2da6ea80e5183f929d564b8055f68daabaec",
            "content_sha512": "0de00fc5228b5627d880a3cc7317e24908dba959524c0896ea18f04286c613642dad3c23e45e73e31f79a8a1c7057a276564d32ad89575a21a0503e1777eb0ed",
            "directory_permission": "0777",
            "file_permission": "0777",
            "filename": "productos.txt",
            "id": "dc83f83c765e853c245188febf815e9b6944c669",
            "sensitive_content": null,
            "source": null
          },
          "sensitive_attributes": [
            [
              {
                "type": "get_attr",
                "value": "sensitive_content"
              }
            ]
          ]
        }
      ]
    }
  ],
  "check_results": null
}
