{
  "version": 4,
  "terraform_version": "1.9.1",
  "serial": 3,
  "lineage": "40270877-8b77-4198-8490-36e6f4bacb52",
  "outputs": {},
  "resources": [
    {
      "mode": "managed",
      "type": "aws_vpc",
      "name": "vpc_ohio",
      "provider": "provider[\"registry.terraform.io/hashicorp/aws\"].ohio",
      "instances": [
        {
          "schema_version": 1,
          "attributes": {
            "arn": "arn:aws:ec2:us-east-2:590183726312:vpc/vpc-0103d6a5ec7ab9450",
            "assign_generated_ipv6_cidr_block": false,
            "cidr_block": "10.20.0.0/16",
            "default_network_acl_id": "acl-029ce7ad5d5a78285",
            "default_route_table_id": "rtb-0bf133a0d5d60c116",
            "default_security_group_id": "sg-022de5e579a31225a",
            "dhcp_options_id": "dopt-0c0e161ff3daddb1b",
            "enable_dns_hostnames": false,
            "enable_dns_support": true,
            "enable_network_address_usage_metrics": false,
            "id": "vpc-0103d6a5ec7ab9450",
            "instance_tenancy": "default",
            "ipv4_ipam_pool_id": null,
            "ipv4_netmask_length": null,
            "ipv6_association_id": "",
            "ipv6_cidr_block": "",
            "ipv6_cidr_block_network_border_group": "",
            "ipv6_ipam_pool_id": "",
            "ipv6_netmask_length": 0,
            "main_route_table_id": "rtb-0bf133a0d5d60c116",
            "owner_id": "590183726312",
            "tags": {
              "Name": "VPC_OHIO",
              "env": "Dev",
              "name": "prueba"
            },
            "tags_all": {
              "Name": "VPC_OHIO",
              "env": "Dev",
              "name": "prueba"
            }
          },
          "sensitive_attributes": [],
          "private": "eyJzY2hlbWFfdmVyc2lvbiI6IjEifQ=="
        }
      ]
    },
    {
      "mode": "managed",
      "type": "aws_vpc",
      "name": "vpc_virginia",
      "provider": "provider[\"registry.terraform.io/hashicorp/aws\"]",
      "instances": [
        {
          "schema_version": 1,
          "attributes": {
            "arn": "arn:aws:ec2:us-east-1:590183726312:vpc/vpc-02d167d3bfc9980cc",
            "assign_generated_ipv6_cidr_block": false,
            "cidr_block": "10.10.0.0/16",
            "default_network_acl_id": "acl-0c772aa61ba53b31a",
            "default_route_table_id": "rtb-09bbade4ccf6a98e1",
            "default_security_group_id": "sg-04204b6171ef267ca",
            "dhcp_options_id": "dopt-043ebcc162c1170a5",
            "enable_dns_hostnames": false,
            "enable_dns_support": true,
            "enable_network_address_usage_metrics": false,
            "id": "vpc-02d167d3bfc9980cc",
            "instance_tenancy": "default",
            "ipv4_ipam_pool_id": null,
            "ipv4_netmask_length": null,
            "ipv6_association_id": "",
            "ipv6_cidr_block": "",
            "ipv6_cidr_block_network_border_group": "",
            "ipv6_ipam_pool_id": "",
            "ipv6_netmask_length": 0,
            "main_route_table_id": "rtb-09bbade4ccf6a98e1",
            "owner_id": "590183726312",
            "tags": {
              "Name": "VPC_VIRGINIA",
              "env": "Dev",
              "name": "prueba"
            },
            "tags_all": {
              "Name": "VPC_VIRGINIA",
              "env": "Dev",
              "name": "prueba"
            }
          },
          "sensitive_attributes": [],
          "private": "eyJzY2hlbWFfdmVyc2lvbiI6IjEifQ=="
        }
      ]
    }
  ],
  "check_results": null
}
